// !$*UTF8*$!
{
	archiveVersion = 1;
	classes = {
	};
	objectVersion = 46;
	objects = {

/* Begin PBXBuildFile section */
		598FE9041BFAF1B900C62100 /* main.cpp in Sources */ = {isa = PBXBuildFile; fileRef = 598FE9031BFAF1B900C62100 /* main.cpp */; };
		598FE9171BFDFD5600C62100 /* cs311.c in Sources */ = {isa = PBXBuildFile; fileRef = 598FE90B1BFDFD5600C62100 /* cs311.c */; };
		598FE9181BFDFD5600C62100 /* Makefile in Sources */ = {isa = PBXBuildFile; fileRef = 598FE90C1BFDFD5600C62100 /* Makefile */; };
		598FE9191BFDFD5600C62100 /* parse.c in Sources */ = {isa = PBXBuildFile; fileRef = 598FE90D1BFDFD5600C62100 /* parse.c */; };
		598FE91A1BFDFD5600C62100 /* run.c in Sources */ = {isa = PBXBuildFile; fileRef = 598FE9101BFDFD5600C62100 /* run.c */; };
		598FE91B1BFDFD5600C62100 /* double_loop.o in Frameworks */ = {isa = PBXBuildFile; fileRef = 598FE9131BFDFD5600C62100 /* double_loop.o */; };
		598FE91C1BFDFD5600C62100 /* double_loop.s in Sources */ = {isa = PBXBuildFile; fileRef = 598FE9141BFDFD5600C62100 /* double_loop.s */; };
		598FE91D1BFDFD5600C62100 /* util.c in Sources */ = {isa = PBXBuildFile; fileRef = 598FE9151BFDFD5600C62100 /* util.c */; };
/* End PBXBuildFile section */

/* Begin PBXCopyFilesBuildPhase section */
		598FE8FE1BFAF1B900C62100 /* CopyFiles */ = {
			isa = PBXCopyFilesBuildPhase;
			buildActionMask = 2147483647;
			dstPath = /usr/share/man/man1/;
			dstSubfolderSpec = 0;
			files = (
			);
			runOnlyForDeploymentPostprocessing = 1;
		};
/* End PBXCopyFilesBuildPhase section */

/* Begin PBXFileReference section */
		598FE9001BFAF1B900C62100 /* Pipeline Simulator */ = {isa = PBXFileReference; explicitFileType = "compiled.mach-o.executable"; includeInIndex = 0; path = "Pipeline Simulator"; sourceTree = BUILT_PRODUCTS_DIR; };
		598FE9031BFAF1B900C62100 /* main.cpp */ = {isa = PBXFileReference; lastKnownFileType = sourcecode.cpp.cpp; path = main.cpp; sourceTree = "<group>"; };
		598FE90B1BFDFD5600C62100 /* cs311.c */ = {isa = PBXFileReference; fileEncoding = 4; lastKnownFileType = sourcecode.c.c; path = cs311.c; sourceTree = "<group>"; };
		598FE90C1BFDFD5600C62100 /* Makefile */ = {isa = PBXFileReference; fileEncoding = 4; lastKnownFileType = sourcecode.make; path = Makefile; sourceTree = "<group>"; };
		598FE90D1BFDFD5600C62100 /* parse.c */ = {isa = PBXFileReference; fileEncoding = 4; lastKnownFileType = sourcecode.c.c; path = parse.c; sourceTree = "<group>"; };
		598FE90E1BFDFD5600C62100 /* parse.h */ = {isa = PBXFileReference; fileEncoding = 4; lastKnownFileType = sourcecode.c.h; path = parse.h; sourceTree = "<group>"; };
		598FE90F1BFDFD5600C62100 /* README */ = {isa = PBXFileReference; fileEncoding = 4; lastKnownFileType = text; path = README; sourceTree = "<group>"; };
		598FE9101BFDFD5600C62100 /* run.c */ = {isa = PBXFileReference; fileEncoding = 4; lastKnownFileType = sourcecode.c.c; path = run.c; sourceTree = "<group>"; };
		598FE9111BFDFD5600C62100 /* run.h */ = {isa = PBXFileReference; fileEncoding = 4; lastKnownFileType = sourcecode.c.h; path = run.h; sourceTree = "<group>"; };
		598FE9131BFDFD5600C62100 /* double_loop.o */ = {isa = PBXFileReference; lastKnownFileType = "compiled.mach-o.objfile"; path = double_loop.o; sourceTree = "<group>"; };
		598FE9141BFDFD5600C62100 /* double_loop.s */ = {isa = PBXFileReference; fileEncoding = 4; lastKnownFileType = sourcecode.asm; path = double_loop.s; sourceTree = "<group>"; };
		598FE9151BFDFD5600C62100 /* util.c */ = {isa = PBXFileReference; fileEncoding = 4; lastKnownFileType = sourcecode.c.c; path = util.c; sourceTree = "<group>"; };
		598FE9161BFDFD5600C62100 /* util.h */ = {isa = PBXFileReference; fileEncoding = 4; lastKnownFileType = sourcecode.c.h; path = util.h; sourceTree = "<group>"; };
/* End PBXFileReference section */

/* Begin PBXFrameworksBuildPhase section */
		598FE8FD1BFAF1B900C62100 /* Frameworks */ = {
			isa = PBXFrameworksBuildPhase;
			buildActionMask = 2147483647;
			files = (
				598FE91B1BFDFD5600C62100 /* double_loop.o in Frameworks */,
			);
			runOnlyForDeploymentPostprocessing = 0;
		};
/* End PBXFrameworksBuildPhase section */

/* Begin PBXGroup section */
		598FE8F71BFAF1B900C62100 = {
			isa = PBXGroup;
			children = (
				598FE9021BFAF1B900C62100 /* Pipeline Simulator */,
				598FE9011BFAF1B900C62100 /* Products */,
			);
			sourceTree = "<group>";
		};
		598FE9011BFAF1B900C62100 /* Products */ = {
			isa = PBXGroup;
			children = (
				598FE9001BFAF1B900C62100 /* Pipeline Simulator */,
			);
			name = Products;
			sourceTree = "<group>";
		};
		598FE9021BFAF1B900C62100 /* Pipeline Simulator */ = {
			isa = PBXGroup;
			children = (
				598FE90A1BFDFD5600C62100 /* lab2_complete */,
				598FE9031BFAF1B900C62100 /* main.cpp */,
			);
			path = "Pipeline Simulator";
			sourceTree = "<group>";
		};
		598FE90A1BFDFD5600C62100 /* lab2_complete */ = {
			isa = PBXGroup;
			children = (
				598FE90B1BFDFD5600C62100 /* cs311.c */,
				598FE90C1BFDFD5600C62100 /* Makefile */,
				598FE90D1BFDFD5600C62100 /* parse.c */,
				598FE90E1BFDFD5600C62100 /* parse.h */,
				598FE90F1BFDFD5600C62100 /* README */,
				598FE9101BFDFD5600C62100 /* run.c */,
				598FE9111BFDFD5600C62100 /* run.h */,
				598FE9121BFDFD5600C62100 /* sample_input */,
				598FE9151BFDFD5600C62100 /* util.c */,
				598FE9161BFDFD5600C62100 /* util.h */,
			);
			path = lab2_complete;
			sourceTree = "<group>";
		};
		598FE9121BFDFD5600C62100 /* sample_input */ = {
			isa = PBXGroup;
			children = (
				598FE9131BFDFD5600C62100 /* double_loop.o */,
				598FE9141BFDFD5600C62100 /* double_loop.s */,
			);
			path = sample_input;
			sourceTree = "<group>";
		};
/* End PBXGroup section */

/* Begin PBXNativeTarget section */
		598FE8FF1BFAF1B900C62100 /* Pipeline Simulator */ = {
			isa = PBXNativeTarget;
			buildConfigurationList = 598FE9071BFAF1B900C62100 /* Build configuration list for PBXNativeTarget "Pipeline Simulator" */;
			buildPhases = (
				598FE8FC1BFAF1B900C62100 /* Sources */,
				598FE8FD1BFAF1B900C62100 /* Frameworks */,
				598FE8FE1BFAF1B900C62100 /* CopyFiles */,
			);
			buildRules = (
			);
			dependencies = (
			);
			name = "Pipeline Simulator";
			productName = "Pipeline Simulator";
			productReference = 598FE9001BFAF1B900C62100 /* Pipeline Simulator */;
			productType = "com.apple.product-type.tool";
		};
/* End PBXNativeTarget section */

/* Begin PBXProject section */
		598FE8F81BFAF1B900C62100 /* Project object */ = {
			isa = PBXProject;
			attributes = {
				LastUpgradeCheck = 0710;
				ORGANIZATIONNAME = TonyKim;
				TargetAttributes = {
					598FE8FF1BFAF1B900C62100 = {
						CreatedOnToolsVersion = 7.1.1;
					};
				};
			};
			buildConfigurationList = 598FE8FB1BFAF1B900C62100 /* Build configuration list for PBXProject "Pipeline Simulator" */;
			compatibilityVersion = "Xcode 3.2";
			developmentRegion = English;
			hasScannedForEncodings = 0;
			knownRegions = (
				en,
			);
			mainGroup = 598FE8F71BFAF1B900C62100;
			productRefGroup = 598FE9011BFAF1B900C62100 /* Products */;
			projectDirPath = "";
			projectRoot = "";
			targets = (
				598FE8FF1BFAF1B900C62100 /* Pipeline Simulator */,
			);
		};
/* End PBXProject section */

/* Begin PBXSourcesBuildPhase section */
		598FE8FC1BFAF1B900C62100 /* Sources */ = {
			isa = PBXSourcesBuildPhase;
			buildActionMask = 2147483647;
			files = (
				598FE91C1BFDFD5600C62100 /* double_loop.s in Sources */,
				598FE9181BFDFD5600C62100 /* Makefile in Sources */,
				598FE91D1BFDFD5600C62100 /* util.c in Sources */,
				598FE9041BFAF1B900C62100 /* main.cpp in Sources */,
				598FE9171BFDFD5600C62100 /* cs311.c in Sources */,
				598FE91A1BFDFD5600C62100 /* run.c in Sources */,
				598FE9191BFDFD5600C62100 /* parse.c in Sources */,
			);
			runOnlyForDeploymentPostprocessing = 0;
		};
/* End PBXSourcesBuildPhase section */

/* Begin XCBuildConfiguration section */
		598FE9051BFAF1B900C62100 /* Debug */ = {
			isa = XCBuildConfiguration;
			buildSettings = {
				ALWAYS_SEARCH_USER_PATHS = NO;
				CLANG_CXX_LANGUAGE_STANDARD = "gnu++0x";
				CLANG_CXX_LIBRARY = "libc++";
				CLANG_ENABLE_MODULES = YES;
				CLANG_ENABLE_OBJC_ARC = YES;
				CLANG_WARN_BOOL_CONVERSION = YES;
				CLANG_WARN_CONSTANT_CONVERSION = YES;
				CLANG_WARN_DIRECT_OBJC_ISA_USAGE = YES_ERROR;
				CLANG_WARN_EMPTY_BODY = YES;
				CLANG_WARN_ENUM_CONVERSION = YES;
				CLANG_WARN_INT_CONVERSION = YES;
				CLANG_WARN_OBJC_ROOT_CLASS = YES_ERROR;
				CLANG_WARN_UNREACHABLE_CODE = YES;
				CLANG_WARN__DUPLICATE_METHOD_MATCH = YES;
				CODE_SIGN_IDENTITY = "-";
				COPY_PHASE_STRIP = NO;
				DEBUG_INFORMATION_FORMAT = dwarf;
				ENABLE_STRICT_OBJC_MSGSEND = YES;
				ENABLE_TESTABILITY = YES;
				GCC_C_LANGUAGE_STANDARD = gnu99;
				GCC_DYNAMIC_NO_PIC = NO;
				GCC_NO_COMMON_BLOCKS = YES;
				GCC_OPTIMIZATION_LEVEL = 0;
				GCC_PREPROCESSOR_DEFINITIONS = (
					"DEBUG=1",
					"$(inherited)",
				);
				GCC_WARN_64_TO_32_BIT_CONVERSION = YES;
				GCC_WARN_ABOUT_RETURN_TYPE = YES_ERROR;
				GCC_WARN_UNDECLARED_SELECTOR = YES;
				GCC_WARN_UNINITIALIZED_AUTOS = YES_AGGRESSIVE;
				GCC_WARN_UNUSED_FUNCTION = YES;
				GCC_WARN_UNUSED_VARIABLE = YES;
				MACOSX_DEPLOYMENT_TARGET = 10.11;
				MTL_ENABLE_DEBUG_INFO = YES;
				ONLY_ACTIVE_ARCH = YES;
				SDKROOT = macosx;
			};
			name = Debug;
		};
		598FE9061BFAF1B900C62100 /* Release */ = {
			isa = XCBuildConfiguration;
			buildSettings = {
				ALWAYS_SEARCH_USER_PATHS = NO;
				CLANG_CXX_LANGUAGE_STANDARD = "gnu++0x";
				CLANG_CXX_LIBRARY = "libc++";
				CLANG_ENABLE_MODULES = YES;
				CLANG_ENABLE_OBJC_ARC = YES;
				CLANG_WARN_BOOL_CONVERSION = YES;
				CLANG_WARN_CONSTANT_CONVERSION = YES;
				CLANG_WARN_DIRECT_OBJC_ISA_USAGE = YES_ERROR;
				CLANG_WARN_EMPTY_BODY = YES;
				CLANG_WARN_ENUM_CONVERSION = YES;
				CLANG_WARN_INT_CONVERSION = YES;
				CLANG_WARN_OBJC_ROOT_CLASS = YES_ERROR;
				CLANG_WARN_UNREACHABLE_CODE = YES;
				CLANG_WARN__DUPLICATE_METHOD_MATCH = YES;
				CODE_SIGN_IDENTITY = "-";
				COPY_PHASE_STRIP = NO;
				DEBUG_INFORMATION_FORMAT = "dwarf-with-dsym";
				ENABLE_NS_ASSERTIONS = NO;
				ENABLE_STRICT_OBJC_MSGSEND = YES;
				GCC_C_LANGUAGE_STANDARD = gnu99;
				GCC_NO_COMMON_BLOCKS = YES;
				GCC_WARN_64_TO_32_BIT_CONVERSION = YES;
				GCC_WARN_ABOUT_RETURN_TYPE = YES_ERROR;
				GCC_WARN_UNDECLARED_SELECTOR = YES;
				GCC_WARN_UNINITIALIZED_AUTOS = YES_AGGRESSIVE;
				GCC_WARN_UNUSED_FUNCTION = YES;
				GCC_WARN_UNUSED_VARIABLE = YES;
				MACOSX_DEPLOYMENT_TARGET = 10.11;
				MTL_ENABLE_DEBUG_INFO = NO;
				SDKROOT = macosx;
			};
			name = Release;
		};
		598FE9081BFAF1B900C62100 /* Debug */ = {
			isa = XCBuildConfiguration;
			buildSettings = {
				PRODUCT_NAME = "$(TARGET_NAME)";
			};
			name = Debug;
		};
		598FE9091BFAF1B900C62100 /* Release */ = {
			isa = XCBuildConfiguration;
			buildSettings = {
				PRODUCT_NAME = "$(TARGET_NAME)";
			};
			name = Release;
		};
/* End XCBuildConfiguration section */

/* Begin XCConfigurationList section */
		598FE8FB1BFAF1B900C62100 /* Build configuration list for PBXProject "Pipeline Simulator" */ = {
			isa = XCConfigurationList;
			buildConfigurations = (
				598FE9051BFAF1B900C62100 /* Debug */,
				598FE9061BFAF1B900C62100 /* Release */,
			);
			defaultConfigurationIsVisible = 0;
			defaultConfigurationName = Release;
		};
		598FE9071BFAF1B900C62100 /* Build configuration list for PBXNativeTarget "Pipeline Simulator" */ = {
			isa = XCConfigurationList;
			buildConfigurations = (
				598FE9081BFAF1B900C62100 /* Debug */,
				598FE9091BFAF1B900C62100 /* Release */,
			);
			defaultConfigurationIsVisible = 0;
			defaultConfigurationName = Release;
		};
/* End XCConfigurationList section */
	};
	rootObject = 598FE8F81BFAF1B900C62100 /* Project object */;
}
